
Microsoft Visual Studio Solution File, Format Version 12.00
# Visual Studio 15
VisualStudioVersion = 15.0.26124.0
MinimumVisualStudioVersion = 15.0.26124.0
Project("{2150E333-8FDC-42A3-9474-1A3956D46DE8}") = "Solution Items", "Solution Items", "{80621D89-21FB-406A-871B-A546729095BA}"
	ProjectSection(SolutionItems) = preProject
		.editorconfig = .editorconfig
		.gitattributes = .gitattributes
		.gitignore = .gitignore
		AllRules.ruleset = AllRules.ruleset
		Directory.Build.props = Directory.Build.props
		LICENSE = LICENSE
	EndProjectSection
EndProject
Project("{2150E333-8FDC-42A3-9474-1A3956D46DE8}") = "src", "src", "{6C8D0095-02C0-4BE2-983D-F53E7B88513D}"
EndProject
Project("{9A19103F-16F7-4668-BE54-9A1E7A4F7556}") = "THNETII.AWSSDK.IoTDeviceGateway", "src\THNETII.AWSSDK.IoTDeviceGateway\THNETII.AWSSDK.IoTDeviceGateway.csproj", "{9E63967A-C9DD-4EF1-A073-2A86B4A02153}"
EndProject
Project("{9A19103F-16F7-4668-BE54-9A1E7A4F7556}") = "THNETII.AWSSDK.IoTDeviceGateway.Mqtt", "src\THNETII.AWSSDK.IoTDeviceGateway.Mqtt\THNETII.AWSSDK.IoTDeviceGateway.Mqtt.csproj", "{A12B65D2-3461-4AAC-81FE-B72850A0986D}"
EndProject
Project("{2150E333-8FDC-42A3-9474-1A3956D46DE8}") = "test", "test", "{B5E9EA97-ED7F-47FB-BF14-34C79BD5C259}"
EndProject
Project("{FAE04EC0-301F-11D3-BF4B-00C04F79EFBC}") = "THNETII.AWSSDK.Extensions.Test", "test\THNETII.AWSSDK.Extensions.Test\THNETII.AWSSDK.Extensions.Test.csproj", "{9509F718-9DAF-44AF-AB05-7B7B107E8A6C}"
EndProject
Global
	GlobalSection(SolutionConfigurationPlatforms) = preSolution
		Debug|Any CPU = Debug|Any CPU
		Debug|x64 = Debug|x64
		Debug|x86 = Debug|x86
		Release|Any CPU = Release|Any CPU
		Release|x64 = Release|x64
		Release|x86 = Release|x86
	EndGlobalSection
	GlobalSection(ProjectConfigurationPlatforms) = postSolution
		{9E63967A-C9DD-4EF1-A073-2A86B4A02153}.Debug|Any CPU.ActiveCfg = Debug|Any CPU
		{9E63967A-C9DD-4EF1-A073-2A86B4A02153}.Debug|Any CPU.Build.0 = Debug|Any CPU
		{9E63967A-C9DD-4EF1-A073-2A86B4A02153}.Debug|x64.ActiveCfg = Debug|Any CPU
		{9E63967A-C9DD-4EF1-A073-2A86B4A02153}.Debug|x64.Build.0 = Debug|Any CPU
		{9E63967A-C9DD-4EF1-A073-2A86B4A02153}.Debug|x86.ActiveCfg = Debug|Any CPU
		{9E63967A-C9DD-4EF1-A073-2A86B4A02153}.Debug|x86.Build.0 = Debug|Any CPU
		{9E63967A-C9DD-4EF1-A073-2A86B4A02153}.Release|Any CPU.ActiveCfg = Release|Any CPU
		{9E63967A-C9DD-4EF1-A073-2A86B4A02153}.Release|Any CPU.Build.0 = Release|Any CPU
		{9E63967A-C9DD-4EF1-A073-2A86B4A02153}.Release|x64.ActiveCfg = Release|Any CPU
		{9E63967A-C9DD-4EF1-A073-2A86B4A02153}.Release|x64.Build.0 = Release|Any CPU
		{9E63967A-C9DD-4EF1-A073-2A86B4A02153}.Release|x86.ActiveCfg = Release|Any CPU
		{9E63967A-C9DD-4EF1-A073-2A86B4A02153}.Release|x86.Build.0 = Release|Any CPU
		{A12B65D2-3461-4AAC-81FE-B72850A0986D}.Debug|Any CPU.ActiveCfg = Debug|Any CPU
		{A12B65D2-3461-4AAC-81FE-B72850A0986D}.Debug|Any CPU.Build.0 = Debug|Any CPU
		{A12B65D2-3461-4AAC-81FE-B72850A0986D}.Debug|x64.ActiveCfg = Debug|Any CPU
		{A12B65D2-3461-4AAC-81FE-B72850A0986D}.Debug|x64.Build.0 = Debug|Any CPU
		{A12B65D2-3461-4AAC-81FE-B72850A0986D}.Debug|x86.ActiveCfg = Debug|Any CPU
		{A12B65D2-3461-4AAC-81FE-B72850A0986D}.Debug|x86.Build.0 = Debug|Any CPU
		{A12B65D2-3461-4AAC-81FE-B72850A0986D}.Release|Any CPU.ActiveCfg = Release|Any CPU
		{A12B65D2-3461-4AAC-81FE-B72850A0986D}.Release|Any CPU.Build.0 = Release|Any CPU
		{A12B65D2-3461-4AAC-81FE-B72850A0986D}.Release|x64.ActiveCfg = Release|Any CPU
		{A12B65D2-3461-4AAC-81FE-B72850A0986D}.Release|x64.Build.0 = Release|Any CPU
		{A12B65D2-3461-4AAC-81FE-B72850A0986D}.Release|x86.ActiveCfg = Release|Any CPU
		{A12B65D2-3461-4AAC-81FE-B72850A0986D}.Release|x86.Build.0 = Release|Any CPU
		{9509F718-9DAF-44AF-AB05-7B7B107E8A6C}.Debug|Any CPU.ActiveCfg = Debug|Any CPU
		{9509F718-9DAF-44AF-AB05-7B7B107E8A6C}.Debug|Any CPU.Build.0 = Debug|Any CPU
		{9509F718-9DAF-44AF-AB05-7B7B107E8A6C}.Debug|x64.ActiveCfg = Debug|Any CPU
		{9509F718-9DAF-44AF-AB05-7B7B107E8A6C}.Debug|x64.Build.0 = Debug|Any CPU
		{9509F718-9DAF-44AF-AB05-7B7B107E8A6C}.Debug|x86.ActiveCfg = Debug|Any CPU
		{9509F718-9DAF-44AF-AB05-7B7B107E8A6C}.Debug|x86.Build.0 = Debug|Any CPU
		{9509F718-9DAF-44AF-AB05-7B7B107E8A6C}.Release|Any CPU.ActiveCfg = Release|Any CPU
		{9509F718-9DAF-44AF-AB05-7B7B107E8A6C}.Release|Any CPU.Build.0 = Release|Any CPU
		{9509F718-9DAF-44AF-AB05-7B7B107E8A6C}.Release|x64.ActiveCfg = Release|Any CPU
		{9509F718-9DAF-44AF-AB05-7B7B107E8A6C}.Release|x64.Build.0 = Release|Any CPU
		{9509F718-9DAF-44AF-AB05-7B7B107E8A6C}.Release|x86.ActiveCfg = Release|Any CPU
		{9509F718-9DAF-44AF-AB05-7B7B107E8A6C}.Release|x86.Build.0 = Release|Any CPU
	EndGlobalSection
	GlobalSection(SolutionProperties) = preSolution
		HideSolutionNode = FALSE
	EndGlobalSection
	GlobalSection(NestedProjects) = preSolution
		{9E63967A-C9DD-4EF1-A073-2A86B4A02153} = {6C8D0095-02C0-4BE2-983D-F53E7B88513D}
		{A12B65D2-3461-4AAC-81FE-B72850A0986D} = {6C8D0095-02C0-4BE2-983D-F53E7B88513D}
		{9509F718-9DAF-44AF-AB05-7B7B107E8A6C} = {B5E9EA97-ED7F-47FB-BF14-34C79BD5C259}
	EndGlobalSection
	GlobalSection(ExtensibilityGlobals) = postSolution
		SolutionGuid = {FDA65BA9-6D00-486E-B94D-AF4DA39E03C0}
	EndGlobalSection
EndGlobal
